
Microsoft Visual Studio Solution File, Format Version 12.00
# Visual Studio Version 17
VisualStudioVersion = 17.14.36414.22 d17.14
MinimumVisualStudioVersion = 10.0.40219.1
Project("{FAE04EC0-301F-11D3-BF4B-00C04F79EFBC}") = "EmployeeManagement", "EmployeeManagement\EmployeeManagement.csproj", "{D66E0A7A-0B96-49D7-B128-7282599E8350}"
EndProject
Global
	GlobalSection(SolutionConfigurationPlatforms) = preSolution
		Debug|Any CPU = Debug|Any CPU
		Release|Any CPU = Release|Any CPU
	EndGlobalSection
	GlobalSection(ProjectConfigurationPlatforms) = postSolution
		{D66E0A7A-0B96-49D7-B128-7282599E8350}.Debug|Any CPU.ActiveCfg = Debug|Any CPU
		{D66E0A7A-0B96-49D7-B128-7282599E8350}.Debug|Any CPU.Build.0 = Debug|Any CPU
		{D66E0A7A-0B96-49D7-B128-7282599E8350}.Release|Any CPU.ActiveCfg = Release|Any CPU
		{D66E0A7A-0B96-49D7-B128-7282599E8350}.Release|Any CPU.Build.0 = Release|Any CPU
	EndGlobalSection
	GlobalSection(SolutionProperties) = preSolution
		HideSolutionNode = FALSE
	EndGlobalSection
	GlobalSection(ExtensibilityGlobals) = postSolution
		SolutionGuid = {2618F8BD-A7C8-4C3D-AB74-A2096E86770B}
	EndGlobalSection
EndGlobal
